
Microsoft Visual Studio Solution File, Format Version 12.00
# Visual Studio Version 16
VisualStudioVersion = 16.0.31424.327
MinimumVisualStudioVersion = 10.0.40219.1
Project("{9A19103F-16F7-4668-BE54-9A1E7A4F7556}") = "ArsenalDeTanques_Hereditariedade", "ArsenalDeTanques_Hereditariedade.csproj", "{AA2C2820-5007-4954-920C-19D8C22929B4}"
EndProject
Global
	GlobalSection(SolutionConfigurationPlatforms) = preSolution
		Debug|Any CPU = Debug|Any CPU
		Release|Any CPU = Release|Any CPU
	EndGlobalSection
	GlobalSection(ProjectConfigurationPlatforms) = postSolution
		{AA2C2820-5007-4954-920C-19D8C22929B4}.Debug|Any CPU.ActiveCfg = Debug|Any CPU
		{AA2C2820-5007-4954-920C-19D8C22929B4}.Debug|Any CPU.Build.0 = Debug|Any CPU
		{AA2C2820-5007-4954-920C-19D8C22929B4}.Release|Any CPU.ActiveCfg = Release|Any CPU
		{AA2C2820-5007-4954-920C-19D8C22929B4}.Release|Any CPU.Build.0 = Release|Any CPU
	EndGlobalSection
	GlobalSection(SolutionProperties) = preSolution
		HideSolutionNode = FALSE
	EndGlobalSection
	GlobalSection(ExtensibilityGlobals) = postSolution
		SolutionGuid = {2B2CB3C0-6D2B-4D97-8D34-5F0CFA3F12C9}
	EndGlobalSection
EndGlobal
